// !$*UTF8*$!
{
	archiveVersion = 1;
	classes = {
	};
	objectVersion = 46;
	objects = {

/* Begin PBXBuildFile section */
		A49D0684181BD5D400E69D89 /* Foundation.framework in Frameworks */ = {isa = PBXBuildFile; fileRef = A49D0683181BD5D400E69D89 /* Foundation.framework */; };
		A49D0686181BD5D400E69D89 /* CoreGraphics.framework in Frameworks */ = {isa = PBXBuildFile; fileRef = A49D0685181BD5D400E69D89 /* CoreGraphics.framework */; };
		A49D0688181BD5D400E69D89 /* UIKit.framework in Frameworks */ = {isa = PBXBuildFile; fileRef = A49D0687181BD5D400E69D89 /* UIKit.framework */; };
		A49D068E181BD5D400E69D89 /* InfoPlist.strings in Resources */ = {isa = PBXBuildFile; fileRef = A49D068C181BD5D400E69D89 /* InfoPlist.strings */; };
		A49D0690181BD5D400E69D89 /* main.m in Sources */ = {isa = PBXBuildFile; fileRef = A49D068F181BD5D400E69D89 /* main.m */; };
		A49D0694181BD5D400E69D89 /* FTAppDelegate.m in Sources */ = {isa = PBXBuildFile; fileRef = A49D0693181BD5D400E69D89 /* FTAppDelegate.m */; };
		A49D0697181BD5D400E69D89 /* Main.storyboard in Resources */ = {isa = PBXBuildFile; fileRef = A49D0695181BD5D400E69D89 /* Main.storyboard */; };
		A49D069A181BD5D400E69D89 /* FTViewController.m in Sources */ = {isa = PBXBuildFile; fileRef = A49D0699181BD5D400E69D89 /* FTViewController.m */; };
		A49D069C181BD5D400E69D89 /* Images.xcassets in Resources */ = {isa = PBXBuildFile; fileRef = A49D069B181BD5D400E69D89 /* Images.xcassets */; };
		A49D06A3181BD5D400E69D89 /* XCTest.framework in Frameworks */ = {isa = PBXBuildFile; fileRef = A49D06A2181BD5D400E69D89 /* XCTest.framework */; };
		A49D06A4181BD5D400E69D89 /* Foundation.framework in Frameworks */ = {isa = PBXBuildFile; fileRef = A49D0683181BD5D400E69D89 /* Foundation.framework */; };
		A49D06A5181BD5D400E69D89 /* UIKit.framework in Frameworks */ = {isa = PBXBuildFile; fileRef = A49D0687181BD5D400E69D89 /* UIKit.framework */; };
		A49D06AD181BD5D400E69D89 /* InfoPlist.strings in Resources */ = {isa = PBXBuildFile; fileRef = A49D06AB181BD5D400E69D89 /* InfoPlist.strings */; };
		A49D06AF181BD5D400E69D89 /* RisingPickerTests.m in Sources */ = {isa = PBXBuildFile; fileRef = A49D06AE181BD5D400E69D89 /* RisingPickerTests.m */; };
/* End PBXBuildFile section */

/* Begin PBXContainerItemProxy section */
		A49D06A6181BD5D400E69D89 /* PBXContainerItemProxy */ = {
			isa = PBXContainerItemProxy;
			containerPortal = A49D0678181BD5D400E69D89 /* Project object */;
			proxyType = 1;
			remoteGlobalIDString = A49D067F181BD5D400E69D89;
			remoteInfo = RisingPicker;
		};
/* End PBXContainerItemProxy section */

/* Begin PBXFileReference section */
		A49D0680181BD5D400E69D89 /* RisingPicker.app */ = {isa = PBXFileReference; explicitFileType = wrapper.application; includeInIndex = 0; path = RisingPicker.app; sourceTree = BUILT_PRODUCTS_DIR; };
		A49D0683181BD5D400E69D89 /* Foundation.framework */ = {isa = PBXFileReference; lastKnownFileType = wrapper.framework; name = Foundation.framework; path = System/Library/Frameworks/Foundation.framework; sourceTree = SDKROOT; };
		A49D0685181BD5D400E69D89 /* CoreGraphics.framework */ = {isa = PBXFileReference; lastKnownFileType = wrapper.framework; name = CoreGraphics.framework; path = System/Library/Frameworks/CoreGraphics.framework; sourceTree = SDKROOT; };
		A49D0687181BD5D400E69D89 /* UIKit.framework */ = {isa = PBXFileReference; lastKnownFileType = wrapper.framework; name = UIKit.framework; path = System/Library/Frameworks/UIKit.framework; sourceTree = SDKROOT; };
		A49D068B181BD5D400E69D89 /* RisingPicker-Info.plist */ = {isa = PBXFileReference; lastKnownFileType = text.plist.xml; path = "RisingPicker-Info.plist"; sourceTree = "<group>"; };
		A49D068D181BD5D400E69D89 /* en */ = {isa = PBXFileReference; lastKnownFileType = text.plist.strings; name = en; path = en.lproj/InfoPlist.strings; sourceTree = "<group>"; };
		A49D068F181BD5D400E69D89 /* main.m */ = {isa = PBXFileReference; lastKnownFileType = sourcecode.c.objc; path = main.m; sourceTree = "<group>"; };
		A49D0691181BD5D400E69D89 /* RisingPicker-Prefix.pch */ = {isa = PBXFileReference; lastKnownFileType = sourcecode.c.h; path = "RisingPicker-Prefix.pch"; sourceTree = "<group>"; };
		A49D0692181BD5D400E69D89 /* FTAppDelegate.h */ = {isa = PBXFileReference; lastKnownFileType = sourcecode.c.h; path = FTAppDelegate.h; sourceTree = "<group>"; };
		A49D0693181BD5D400E69D89 /* FTAppDelegate.m */ = {isa = PBXFileReference; lastKnownFileType = sourcecode.c.objc; path = FTAppDelegate.m; sourceTree = "<group>"; };
		A49D0696181BD5D400E69D89 /* Base */ = {isa = PBXFileReference; lastKnownFileType = file.storyboard; name = Base; path = Base.lproj/Main.storyboard; sourceTree = "<group>"; };
		A49D0698181BD5D400E69D89 /* FTViewController.h */ = {isa = PBXFileReference; lastKnownFileType = sourcecode.c.h; path = FTViewController.h; sourceTree = "<group>"; };
		A49D0699181BD5D400E69D89 /* FTViewController.m */ = {isa = PBXFileReference; lastKnownFileType = sourcecode.c.objc; path = FTViewController.m; sourceTree = "<group>"; };
		A49D069B181BD5D400E69D89 /* Images.xcassets */ = {isa = PBXFileReference; lastKnownFileType = folder.assetcatalog; path = Images.xcassets; sourceTree = "<group>"; };
		A49D06A1181BD5D400E69D89 /* RisingPickerTests.xctest */ = {isa = PBXFileReference; explicitFileType = wrapper.cfbundle; includeInIndex = 0; path = RisingPickerTests.xctest; sourceTree = BUILT_PRODUCTS_DIR; };
		A49D06A2181BD5D400E69D89 /* XCTest.framework */ = {isa = PBXFileReference; lastKnownFileType = wrapper.framework; name = XCTest.framework; path = Library/Frameworks/XCTest.framework; sourceTree = DEVELOPER_DIR; };
		A49D06AA181BD5D400E69D89 /* RisingPickerTests-Info.plist */ = {isa = PBXFileReference; lastKnownFileType = text.plist.xml; path = "RisingPickerTests-Info.plist"; sourceTree = "<group>"; };
		A49D06AC181BD5D400E69D89 /* en */ = {isa = PBXFileReference; lastKnownFileType = text.plist.strings; name = en; path = en.lproj/InfoPlist.strings; sourceTree = "<group>"; };
		A49D06AE181BD5D400E69D89 /* RisingPickerTests.m */ = {isa = PBXFileReference; lastKnownFileType = sourcecode.c.objc; path = RisingPickerTests.m; sourceTree = "<group>"; };
/* End PBXFileReference section */

/* Begin PBXFrameworksBuildPhase section */
		A49D067D181BD5D400E69D89 /* Frameworks */ = {
			isa = PBXFrameworksBuildPhase;
			buildActionMask = 2147483647;
			files = (
				A49D0686181BD5D400E69D89 /* CoreGraphics.framework in Frameworks */,
				A49D0688181BD5D400E69D89 /* UIKit.framework in Frameworks */,
				A49D0684181BD5D400E69D89 /* Foundation.framework in Frameworks */,
			);
			runOnlyForDeploymentPostprocessing = 0;
		};
		A49D069E181BD5D400E69D89 /* Frameworks */ = {
			isa = PBXFrameworksBuildPhase;
			buildActionMask = 2147483647;
			files = (
				A49D06A3181BD5D400E69D89 /* XCTest.framework in Frameworks */,
				A49D06A5181BD5D400E69D89 /* UIKit.framework in Frameworks */,
				A49D06A4181BD5D400E69D89 /* Foundation.framework in Frameworks */,
			);
			runOnlyForDeploymentPostprocessing = 0;
		};
/* End PBXFrameworksBuildPhase section */

/* Begin PBXGroup section */
		A49D0677181BD5D400E69D89 = {
			isa = PBXGroup;
			children = (
				A49D0689181BD5D400E69D89 /* RisingPicker */,
				A49D06A8181BD5D400E69D89 /* RisingPickerTests */,
				A49D0682181BD5D400E69D89 /* Frameworks */,
				A49D0681181BD5D400E69D89 /* Products */,
			);
			sourceTree = "<group>";
		};
		A49D0681181BD5D400E69D89 /* Products */ = {
			isa = PBXGroup;
			children = (
				A49D0680181BD5D400E69D89 /* RisingPicker.app */,
				A49D06A1181BD5D400E69D89 /* RisingPickerTests.xctest */,
			);
			name = Products;
			sourceTree = "<group>";
		};
		A49D0682181BD5D400E69D89 /* Frameworks */ = {
			isa = PBXGroup;
			children = (
				A49D0683181BD5D400E69D89 /* Foundation.framework */,
				A49D0685181BD5D400E69D89 /* CoreGraphics.framework */,
				A49D0687181BD5D400E69D89 /* UIKit.framework */,
				A49D06A2181BD5D400E69D89 /* XCTest.framework */,
			);
			name = Frameworks;
			sourceTree = "<group>";
		};
		A49D0689181BD5D400E69D89 /* RisingPicker */ = {
			isa = PBXGroup;
			children = (
				A49D0692181BD5D400E69D89 /* FTAppDelegate.h */,
				A49D0693181BD5D400E69D89 /* FTAppDelegate.m */,
				A49D0695181BD5D400E69D89 /* Main.storyboard */,
				A49D0698181BD5D400E69D89 /* FTViewController.h */,
				A49D0699181BD5D400E69D89 /* FTViewController.m */,
				A49D069B181BD5D400E69D89 /* Images.xcassets */,
				A49D068A181BD5D400E69D89 /* Supporting Files */,
			);
			path = RisingPicker;
			sourceTree = "<group>";
		};
		A49D068A181BD5D400E69D89 /* Supporting Files */ = {
			isa = PBXGroup;
			children = (
				A49D068B181BD5D400E69D89 /* RisingPicker-Info.plist */,
				A49D068C181BD5D400E69D89 /* InfoPlist.strings */,
				A49D068F181BD5D400E69D89 /* main.m */,
				A49D0691181BD5D400E69D89 /* RisingPicker-Prefix.pch */,
			);
			name = "Supporting Files";
			sourceTree = "<group>";
		};
		A49D06A8181BD5D400E69D89 /* RisingPickerTests */ = {
			isa = PBXGroup;
			children = (
				A49D06AE181BD5D400E69D89 /* RisingPickerTests.m */,
				A49D06A9181BD5D400E69D89 /* Supporting Files */,
			);
			path = RisingPickerTests;
			sourceTree = "<group>";
		};
		A49D06A9181BD5D400E69D89 /* Supporting Files */ = {
			isa = PBXGroup;
			children = (
				A49D06AA181BD5D400E69D89 /* RisingPickerTests-Info.plist */,
				A49D06AB181BD5D400E69D89 /* InfoPlist.strings */,
			);
			name = "Supporting Files";
			sourceTree = "<group>";
		};
/* End PBXGroup section */

/* Begin PBXNativeTarget section */
		A49D067F181BD5D400E69D89 /* RisingPicker */ = {
			isa = PBXNativeTarget;
			buildConfigurationList = A49D06B2181BD5D400E69D89 /* Build configuration list for PBXNativeTarget "RisingPicker" */;
			buildPhases = (
				A49D067C181BD5D400E69D89 /* Sources */,
				A49D067D181BD5D400E69D89 /* Frameworks */,
				A49D067E181BD5D400E69D89 /* Resources */,
			);
			buildRules = (
			);
			dependencies = (
			);
			name = RisingPicker;
			productName = RisingPicker;
			productReference = A49D0680181BD5D400E69D89 /* RisingPicker.app */;
			productType = "com.apple.product-type.application";
		};
		A49D06A0181BD5D400E69D89 /* RisingPickerTests */ = {
			isa = PBXNativeTarget;
			buildConfigurationList = A49D06B5181BD5D400E69D89 /* Build configuration list for PBXNativeTarget "RisingPickerTests" */;
			buildPhases = (
				A49D069D181BD5D400E69D89 /* Sources */,
				A49D069E181BD5D400E69D89 /* Frameworks */,
				A49D069F181BD5D400E69D89 /* Resources */,
			);
			buildRules = (
			);
			dependencies = (
				A49D06A7181BD5D400E69D89 /* PBXTargetDependency */,
			);
			name = RisingPickerTests;
			productName = RisingPickerTests;
			productReference = A49D06A1181BD5D400E69D89 /* RisingPickerTests.xctest */;
			productType = "com.apple.product-type.bundle.unit-test";
		};
/* End PBXNativeTarget section */

/* Begin PBXProject section */
		A49D0678181BD5D400E69D89 /* Project object */ = {
			isa = PBXProject;
			attributes = {
				CLASSPREFIX = FT;
				LastUpgradeCheck = 0500;
				ORGANIZATIONNAME = TF;
				TargetAttributes = {
					A49D06A0181BD5D400E69D89 = {
						TestTargetID = A49D067F181BD5D400E69D89;
					};
				};
			};
			buildConfigurationList = A49D067B181BD5D400E69D89 /* Build configuration list for PBXProject "RisingPicker" */;
			compatibilityVersion = "Xcode 3.2";
			developmentRegion = English;
			hasScannedForEncodings = 0;
			knownRegions = (
				en,
				Base,
			);
			mainGroup = A49D0677181BD5D400E69D89;
			productRefGroup = A49D0681181BD5D400E69D89 /* Products */;
			projectDirPath = "";
			projectRoot = "";
			targets = (
				A49D067F181BD5D400E69D89 /* RisingPicker */,
				A49D06A0181BD5D400E69D89 /* RisingPickerTests */,
			);
		};
/* End PBXProject section */

/* Begin PBXResourcesBuildPhase section */
		A49D067E181BD5D400E69D89 /* Resources */ = {
			isa = PBXResourcesBuildPhase;
			buildActionMask = 2147483647;
			files = (
				A49D069C181BD5D400E69D89 /* Images.xcassets in Resources */,
				A49D068E181BD5D400E69D89 /* InfoPlist.strings in Resources */,
				A49D0697181BD5D400E69D89 /* Main.storyboard in Resources */,
			);
			runOnlyForDeploymentPostprocessing = 0;
		};
		A49D069F181BD5D400E69D89 /* Resources */ = {
			isa = PBXResourcesBuildPhase;
			buildActionMask = 2147483647;
			files = (
				A49D06AD181BD5D400E69D89 /* InfoPlist.strings in Resources */,
			);
			runOnlyForDeploymentPostprocessing = 0;
		};
/* End PBXResourcesBuildPhase section */

/* Begin PBXSourcesBuildPhase section */
		A49D067C181BD5D400E69D89 /* Sources */ = {
			isa = PBXSourcesBuildPhase;
			buildActionMask = 2147483647;
			files = (
				A49D0694181BD5D400E69D89 /* FTAppDelegate.m in Sources */,
				A49D0690181BD5D400E69D89 /* main.m in Sources */,
				A49D069A181BD5D400E69D89 /* FTViewController.m in Sources */,
			);
			runOnlyForDeploymentPostprocessing = 0;
		};
		A49D069D181BD5D400E69D89 /* Sources */ = {
			isa = PBXSourcesBuildPhase;
			buildActionMask = 2147483647;
			files = (
				A49D06AF181BD5D400E69D89 /* RisingPickerTests.m in Sources */,
			);
			runOnlyForDeploymentPostprocessing = 0;
		};
/* End PBXSourcesBuildPhase section */

/* Begin PBXTargetDependency section */
		A49D06A7181BD5D400E69D89 /* PBXTargetDependency */ = {
			isa = PBXTargetDependency;
			target = A49D067F181BD5D400E69D89 /* RisingPicker */;
			targetProxy = A49D06A6181BD5D400E69D89 /* PBXContainerItemProxy */;
		};
/* End PBXTargetDependency section */

/* Begin PBXVariantGroup section */
		A49D068C181BD5D400E69D89 /* InfoPlist.strings */ = {
			isa = PBXVariantGroup;
			children = (
				A49D068D181BD5D400E69D89 /* en */,
			);
			name = InfoPlist.strings;
			sourceTree = "<group>";
		};
		A49D0695181BD5D400E69D89 /* Main.storyboard */ = {
			isa = PBXVariantGroup;
			children = (
				A49D0696181BD5D400E69D89 /* Base */,
			);
			name = Main.storyboard;
			sourceTree = "<group>";
		};
		A49D06AB181BD5D400E69D89 /* InfoPlist.strings */ = {
			isa = PBXVariantGroup;
			children = (
				A49D06AC181BD5D400E69D89 /* en */,
			);
			name = InfoPlist.strings;
			sourceTree = "<group>";
		};
/* End PBXVariantGroup section */

/* Begin XCBuildConfiguration section */
		A49D06B0181BD5D400E69D89 /* Debug */ = {
			isa = XCBuildConfiguration;
			buildSettings = {
				ALWAYS_SEARCH_USER_PATHS = NO;
				ARCHS = "$(ARCHS_STANDARD_INCLUDING_64_BIT)";
				CLANG_CXX_LANGUAGE_STANDARD = "gnu++0x";
				CLANG_CXX_LIBRARY = "libc++";
				CLANG_ENABLE_MODULES = YES;
				CLANG_ENABLE_OBJC_ARC = YES;
				CLANG_WARN_BOOL_CONVERSION = YES;
				CLANG_WARN_CONSTANT_CONVERSION = YES;
				CLANG_WARN_DIRECT_OBJC_ISA_USAGE = YES_ERROR;
				CLANG_WARN_EMPTY_BODY = YES;
				CLANG_WARN_ENUM_CONVERSION = YES;
				CLANG_WARN_INT_CONVERSION = YES;
				CLANG_WARN_OBJC_ROOT_CLASS = YES_ERROR;
				CLANG_WARN__DUPLICATE_METHOD_MATCH = YES;
				"CODE_SIGN_IDENTITY[sdk=iphoneos*]" = "iPhone Developer";
				COPY_PHASE_STRIP = NO;
				GCC_C_LANGUAGE_STANDARD = gnu99;
				GCC_DYNAMIC_NO_PIC = NO;
				GCC_OPTIMIZATION_LEVEL = 0;
				GCC_PREPROCESSOR_DEFINITIONS = (
					"DEBUG=1",
					"$(inherited)",
				);
				GCC_SYMBOLS_PRIVATE_EXTERN = NO;
				GCC_WARN_64_TO_32_BIT_CONVERSION = YES;
				GCC_WARN_ABOUT_RETURN_TYPE = YES_ERROR;
				GCC_WARN_UNDECLARED_SELECTOR = YES;
				GCC_WARN_UNINITIALIZED_AUTOS = YES;
				GCC_WARN_UNUSED_FUNCTION = YES;
				GCC_WARN_UNUSED_VARIABLE = YES;
				IPHONEOS_DEPLOYMENT_TARGET = 7.0;
				ONLY_ACTIVE_ARCH = YES;
				SDKROOT = iphoneos;
			};
			name = Debug;
		};
		A49D06B1181BD5D400E69D89 /* Release */ = {
			isa = XCBuildConfiguration;
			buildSettings = {
				ALWAYS_SEARCH_USER_PATHS = NO;
				ARCHS = "$(ARCHS_STANDARD_INCLUDING_64_BIT)";
				CLANG_CXX_LANGUAGE_STANDARD = "gnu++0x";
				CLANG_CXX_LIBRARY = "libc++";
				CLANG_ENABLE_MODULES = YES;
				CLANG_ENABLE_OBJC_ARC = YES;
				CLANG_WARN_BOOL_CONVERSION = YES;
				CLANG_WARN_CONSTANT_CONVERSION = YES;
				CLANG_WARN_DIRECT_OBJC_ISA_USAGE = YES_ERROR;
				CLANG_WARN_EMPTY_BODY = YES;
				CLANG_WARN_ENUM_CONVERSION = YES;
				CLANG_WARN_INT_CONVERSION = YES;
				CLANG_WARN_OBJC_ROOT_CLASS = YES_ERROR;
				CLANG_WARN__DUPLICATE_METHOD_MATCH = YES;
				"CODE_SIGN_IDENTITY[sdk=iphoneos*]" = "iPhone Developer";
				COPY_PHASE_STRIP = YES;
				ENABLE_NS_ASSERTIONS = NO;
				GCC_C_LANGUAGE_STANDARD = gnu99;
				GCC_WARN_64_TO_32_BIT_CONVERSION = YES;
				GCC_WARN_ABOUT_RETURN_TYPE = YES_ERROR;
				GCC_WARN_UNDECLARED_SELECTOR = YES;
				GCC_WARN_UNINITIALIZED_AUTOS = YES;
				GCC_WARN_UNUSED_FUNCTION = YES;
				GCC_WARN_UNUSED_VARIABLE = YES;
				IPHONEOS_DEPLOYMENT_TARGET = 7.0;
				SDKROOT = iphoneos;
				VALIDATE_PRODUCT = YES;
			};
			name = Release;
		};
		A49D06B3181BD5D400E69D89 /* Debug */ = {
			isa = XCBuildConfiguration;
			buildSettings = {
				ASSETCATALOG_COMPILER_APPICON_NAME = AppIcon;
				ASSETCATALOG_COMPILER_LAUNCHIMAGE_NAME = LaunchImage;
				GCC_PRECOMPILE_PREFIX_HEADER = YES;
				GCC_PREFIX_HEADER = "RisingPicker/RisingPicker-Prefix.pch";
				INFOPLIST_FILE = "RisingPicker/RisingPicker-Info.plist";
				PRODUCT_NAME = "$(TARGET_NAME)";
				WRAPPER_EXTENSION = app;
			};
			name = Debug;
		};
		A49D06B4181BD5D400E69D89 /* Release */ = {
			isa = XCBuildConfiguration;
			buildSettings = {
				ASSETCATALOG_COMPILER_APPICON_NAME = AppIcon;
				ASSETCATALOG_COMPILER_LAUNCHIMAGE_NAME = LaunchImage;
				GCC_PRECOMPILE_PREFIX_HEADER = YES;
				GCC_PREFIX_HEADER = "RisingPicker/RisingPicker-Prefix.pch";
				INFOPLIST_FILE = "RisingPicker/RisingPicker-Info.plist";
				PRODUCT_NAME = "$(TARGET_NAME)";
				WRAPPER_EXTENSION = app;
			};
			name = Release;
		};
		A49D06B6181BD5D400E69D89 /* Debug */ = {
			isa = XCBuildConfiguration;
			buildSettings = {
				ARCHS = "$(ARCHS_STANDARD_INCLUDING_64_BIT)";
				BUNDLE_LOADER = "$(BUILT_PRODUCTS_DIR)/RisingPicker.app/RisingPicker";
				FRAMEWORK_SEARCH_PATHS = (
					"$(SDKROOT)/Developer/Library/Frameworks",
					"$(inherited)",
					"$(DEVELOPER_FRAMEWORKS_DIR)",
				);
				GCC_PRECOMPILE_PREFIX_HEADER = YES;
				GCC_PREFIX_HEADER = "RisingPicker/RisingPicker-Prefix.pch";
				GCC_PREPROCESSOR_DEFINITIONS = (
					"DEBUG=1",
					"$(inherited)",
				);
				INFOPLIST_FILE = "RisingPickerTests/RisingPickerTests-Info.plist";
				PRODUCT_NAME = "$(TARGET_NAME)";
				TEST_HOST = "$(BUNDLE_LOADER)";
				WRAPPER_EXTENSION = xctest;
			};
			name = Debug;
		};
		A49D06B7181BD5D400E69D89 /* Release */ = {
			isa = XCBuildConfiguration;
			buildSettings = {
				ARCHS = "$(ARCHS_STANDARD_INCLUDING_64_BIT)";
				BUNDLE_LOADER = "$(BUILT_PRODUCTS_DIR)/RisingPicker.app/RisingPicker";
				FRAMEWORK_SEARCH_PATHS = (
					"$(SDKROOT)/Developer/Library/Frameworks",
					"$(inherited)",
					"$(DEVELOPER_FRAMEWORKS_DIR)",
				);
				GCC_PRECOMPILE_PREFIX_HEADER = YES;
				GCC_PREFIX_HEADER = "RisingPicker/RisingPicker-Prefix.pch";
				INFOPLIST_FILE = "RisingPickerTests/RisingPickerTests-Info.plist";
				PRODUCT_NAME = "$(TARGET_NAME)";
				TEST_HOST = "$(BUNDLE_LOADER)";
				WRAPPER_EXTENSION = xctest;
			};
			name = Release;
		};
/* End XCBuildConfiguration section */

/* Begin XCConfigurationList section */
		A49D067B181BD5D400E69D89 /* Build configuration list for PBXProject "RisingPicker" */ = {
			isa = XCConfigurationList;
			buildConfigurations = (
				A49D06B0181BD5D400E69D89 /* Debug */,
				A49D06B1181BD5D400E69D89 /* Release */,
			);
			defaultConfigurationIsVisible = 0;
			defaultConfigurationName = Release;
		};
		A49D06B2181BD5D400E69D89 /* Build configuration list for PBXNativeTarget "RisingPicker" */ = {
			isa = XCConfigurationList;
			buildConfigurations = (
				A49D06B3181BD5D400E69D89 /* Debug */,
				A49D06B4181BD5D400E69D89 /* Release */,
			);
			defaultConfigurationIsVisible = 0;
		};
		A49D06B5181BD5D400E69D89 /* Build configuration list for PBXNativeTarget "RisingPickerTests" */ = {
			isa = XCConfigurationList;
			buildConfigurations = (
				A49D06B6181BD5D400E69D89 /* Debug */,
				A49D06B7181BD5D400E69D89 /* Release */,
			);
			defaultConfigurationIsVisible = 0;
		};
/* End XCConfigurationList section */
	};
	rootObject = A49D0678181BD5D400E69D89 /* Project object */;
}
